// !$*UTF8*$!
{
	archiveVersion = 1;
	classes = {
	};
	objectVersion = 46;
	objects = {

/* Begin PBXBuildFile section */
		3901AFDA1C065BF8007454EC /* StudentPin.swift in Sources */ = {isa = PBXBuildFile; fileRef = 3901AFD91C065BF8007454EC /* StudentPin.swift */; };
		3901AFDE1C069291007454EC /* PinTableViewController.swift in Sources */ = {isa = PBXBuildFile; fileRef = 3901AFDD1C069291007454EC /* PinTableViewController.swift */; };
		3901AFE01C069C33007454EC /* StudentTableCell.swift in Sources */ = {isa = PBXBuildFile; fileRef = 3901AFDF1C069C33007454EC /* StudentTableCell.swift */; };
		39314AD91C063D060038A367 /* NetworkingOperations.swift in Sources */ = {isa = PBXBuildFile; fileRef = 39314AD81C063D060038A367 /* NetworkingOperations.swift */; };
		394750501C024F640021415D /* AppDelegate.swift in Sources */ = {isa = PBXBuildFile; fileRef = 3947504F1C024F640021415D /* AppDelegate.swift */; };
		394750521C024F640021415D /* LoginViewController.swift in Sources */ = {isa = PBXBuildFile; fileRef = 394750511C024F640021415D /* LoginViewController.swift */; };
		394750551C024F640021415D /* Main.storyboard in Resources */ = {isa = PBXBuildFile; fileRef = 394750531C024F640021415D /* Main.storyboard */; };
		3947505A1C024F640021415D /* Assets.xcassets in Resources */ = {isa = PBXBuildFile; fileRef = 394750591C024F640021415D /* Assets.xcassets */; };
		3947505D1C024F640021415D /* LaunchScreen.storyboard in Resources */ = {isa = PBXBuildFile; fileRef = 3947505B1C024F640021415D /* LaunchScreen.storyboard */; };
		394750821C0250A10021415D /* Roboto-Medium.ttf in Resources */ = {isa = PBXBuildFile; fileRef = 394750711C0250A10021415D /* Roboto-Medium.ttf */; };
		394750831C0250A10021415D /* Roboto-Regular.ttf in Resources */ = {isa = PBXBuildFile; fileRef = 394750721C0250A10021415D /* Roboto-Regular.ttf */; };
		394750841C0250A10021415D /* Roboto-Thin.ttf in Resources */ = {isa = PBXBuildFile; fileRef = 394750731C0250A10021415D /* Roboto-Thin.ttf */; };
		394750881C0279760021415D /* SafariObject.swift in Sources */ = {isa = PBXBuildFile; fileRef = 394750871C0279760021415D /* SafariObject.swift */; };
		3947508A1C027BD40021415D /* MapViewController.swift in Sources */ = {isa = PBXBuildFile; fileRef = 394750891C027BD40021415D /* MapViewController.swift */; };
		394750901C0282410021415D /* MapKit.framework in Frameworks */ = {isa = PBXBuildFile; fileRef = 3947508F1C0282410021415D /* MapKit.framework */; };
		394750921C02883B0021415D /* StudentInformation.swift in Sources */ = {isa = PBXBuildFile; fileRef = 394750911C02883B0021415D /* StudentInformation.swift */; };
		394750991C03EC9F0021415D /* APIConstants.swift in Sources */ = {isa = PBXBuildFile; fileRef = 394750981C03EC9F0021415D /* APIConstants.swift */; };
		3947509D1C03EF650021415D /* GenerateAlerts.swift in Sources */ = {isa = PBXBuildFile; fileRef = 3947509C1C03EF650021415D /* GenerateAlerts.swift */; };
		398A49751C090942002E6D9B /* AddLocationViewController.swift in Sources */ = {isa = PBXBuildFile; fileRef = 398A49741C090942002E6D9B /* AddLocationViewController.swift */; };
/* End PBXBuildFile section */

/* Begin PBXFileReference section */
		3901AFD91C065BF8007454EC /* StudentPin.swift */ = {isa = PBXFileReference; fileEncoding = 4; lastKnownFileType = sourcecode.swift; path = StudentPin.swift; sourceTree = "<group>"; };
		3901AFDD1C069291007454EC /* PinTableViewController.swift */ = {isa = PBXFileReference; fileEncoding = 4; lastKnownFileType = sourcecode.swift; path = PinTableViewController.swift; sourceTree = "<group>"; };
		3901AFDF1C069C33007454EC /* StudentTableCell.swift */ = {isa = PBXFileReference; fileEncoding = 4; lastKnownFileType = sourcecode.swift; path = StudentTableCell.swift; sourceTree = "<group>"; };
		39314AD81C063D060038A367 /* NetworkingOperations.swift */ = {isa = PBXFileReference; fileEncoding = 4; lastKnownFileType = sourcecode.swift; path = NetworkingOperations.swift; sourceTree = "<group>"; };
		3947504C1C024F640021415D /* onthemap.app */ = {isa = PBXFileReference; explicitFileType = wrapper.application; includeInIndex = 0; path = onthemap.app; sourceTree = BUILT_PRODUCTS_DIR; };
		3947504F1C024F640021415D /* AppDelegate.swift */ = {isa = PBXFileReference; lastKnownFileType = sourcecode.swift; path = AppDelegate.swift; sourceTree = "<group>"; };
		394750511C024F640021415D /* LoginViewController.swift */ = {isa = PBXFileReference; lastKnownFileType = sourcecode.swift; path = LoginViewController.swift; sourceTree = "<group>"; };
		394750541C024F640021415D /* Base */ = {isa = PBXFileReference; lastKnownFileType = file.storyboard; name = Base; path = Base.lproj/Main.storyboard; sourceTree = "<group>"; };
		394750591C024F640021415D /* Assets.xcassets */ = {isa = PBXFileReference; lastKnownFileType = folder.assetcatalog; path = Assets.xcassets; sourceTree = "<group>"; };
		3947505C1C024F640021415D /* Base */ = {isa = PBXFileReference; lastKnownFileType = file.storyboard; name = Base; path = Base.lproj/LaunchScreen.storyboard; sourceTree = "<group>"; };
		3947505E1C024F640021415D /* Info.plist */ = {isa = PBXFileReference; lastKnownFileType = text.plist.xml; path = Info.plist; sourceTree = "<group>"; };
		394750711C0250A10021415D /* Roboto-Medium.ttf */ = {isa = PBXFileReference; lastKnownFileType = file; path = "Roboto-Medium.ttf"; sourceTree = "<group>"; };
		394750721C0250A10021415D /* Roboto-Regular.ttf */ = {isa = PBXFileReference; lastKnownFileType = file; path = "Roboto-Regular.ttf"; sourceTree = "<group>"; };
		394750731C0250A10021415D /* Roboto-Thin.ttf */ = {isa = PBXFileReference; lastKnownFileType = file; path = "Roboto-Thin.ttf"; sourceTree = "<group>"; };
		394750871C0279760021415D /* SafariObject.swift */ = {isa = PBXFileReference; fileEncoding = 4; lastKnownFileType = sourcecode.swift; path = SafariObject.swift; sourceTree = "<group>"; };
		394750891C027BD40021415D /* MapViewController.swift */ = {isa = PBXFileReference; fileEncoding = 4; lastKnownFileType = sourcecode.swift; path = MapViewController.swift; sourceTree = "<group>"; };
		3947508F1C0282410021415D /* MapKit.framework */ = {isa = PBXFileReference; lastKnownFileType = wrapper.framework; name = MapKit.framework; path = System/Library/Frameworks/MapKit.framework; sourceTree = SDKROOT; };
		394750911C02883B0021415D /* StudentInformation.swift */ = {isa = PBXFileReference; fileEncoding = 4; lastKnownFileType = sourcecode.swift; path = StudentInformation.swift; sourceTree = "<group>"; };
		394750981C03EC9F0021415D /* APIConstants.swift */ = {isa = PBXFileReference; fileEncoding = 4; lastKnownFileType = sourcecode.swift; path = APIConstants.swift; sourceTree = "<group>"; };
		3947509C1C03EF650021415D /* GenerateAlerts.swift */ = {isa = PBXFileReference; fileEncoding = 4; lastKnownFileType = sourcecode.swift; path = GenerateAlerts.swift; sourceTree = "<group>"; };
		398A49741C090942002E6D9B /* AddLocationViewController.swift */ = {isa = PBXFileReference; fileEncoding = 4; lastKnownFileType = sourcecode.swift; path = AddLocationViewController.swift; sourceTree = "<group>"; };
/* End PBXFileReference section */

/* Begin PBXFrameworksBuildPhase section */
		394750491C024F640021415D /* Frameworks */ = {
			isa = PBXFrameworksBuildPhase;
			buildActionMask = 2147483647;
			files = (
				394750901C0282410021415D /* MapKit.framework in Frameworks */,
			);
			runOnlyForDeploymentPostprocessing = 0;
		};
/* End PBXFrameworksBuildPhase section */

/* Begin PBXGroup section */
		394750431C024F640021415D = {
			isa = PBXGroup;
			children = (
				3947504E1C024F640021415D /* onthemap */,
				3947504D1C024F640021415D /* Products */,
			);
			sourceTree = "<group>";
		};
		3947504D1C024F640021415D /* Products */ = {
			isa = PBXGroup;
			children = (
				3947504C1C024F640021415D /* onthemap.app */,
			);
			name = Products;
			sourceTree = "<group>";
		};
		3947504E1C024F640021415D /* onthemap */ = {
			isa = PBXGroup;
			children = (
				3947505E1C024F640021415D /* Info.plist */,
				398A49741C090942002E6D9B /* AddLocationViewController.swift */,
				394750981C03EC9F0021415D /* APIConstants.swift */,
				3947504F1C024F640021415D /* AppDelegate.swift */,
				3947509C1C03EF650021415D /* GenerateAlerts.swift */,
				394750511C024F640021415D /* LoginViewController.swift */,
				394750891C027BD40021415D /* MapViewController.swift */,
				39314AD81C063D060038A367 /* NetworkingOperations.swift */,
				3901AFDD1C069291007454EC /* PinTableViewController.swift */,
				394750871C0279760021415D /* SafariObject.swift */,
				394750911C02883B0021415D /* StudentInformation.swift */,
				3901AFD91C065BF8007454EC /* StudentPin.swift */,
				3901AFDF1C069C33007454EC /* StudentTableCell.swift */,
				394750591C024F640021415D /* Assets.xcassets */,
				394750971C03EC190021415D /* framework */,
				3947505B1C024F640021415D /* LaunchScreen.storyboard */,
				394750531C024F640021415D /* Main.storyboard */,
				394750861C0250A70021415D /* resources */,
			);
			path = onthemap;
			sourceTree = "<group>";
		};
		394750861C0250A70021415D /* resources */ = {
			isa = PBXGroup;
			children = (
				394750711C0250A10021415D /* Roboto-Medium.ttf */,
				394750721C0250A10021415D /* Roboto-Regular.ttf */,
				394750731C0250A10021415D /* Roboto-Thin.ttf */,
			);
			name = resources;
			sourceTree = "<group>";
		};
		394750971C03EC190021415D /* framework */ = {
			isa = PBXGroup;
			children = (
				3947508F1C0282410021415D /* MapKit.framework */,
			);
			name = framework;
			sourceTree = "<group>";
		};
/* End PBXGroup section */

/* Begin PBXNativeTarget section */
		3947504B1C024F640021415D /* onthemap */ = {
			isa = PBXNativeTarget;
			buildConfigurationList = 394750611C024F640021415D /* Build configuration list for PBXNativeTarget "onthemap" */;
			buildPhases = (
				394750481C024F640021415D /* Sources */,
				394750491C024F640021415D /* Frameworks */,
				3947504A1C024F640021415D /* Resources */,
			);
			buildRules = (
			);
			dependencies = (
			);
			name = onthemap;
			productName = onthemap;
			productReference = 3947504C1C024F640021415D /* onthemap.app */;
			productType = "com.apple.product-type.application";
		};
/* End PBXNativeTarget section */

/* Begin PBXProject section */
		394750441C024F640021415D /* Project object */ = {
			isa = PBXProject;
			attributes = {
				LastSwiftUpdateCheck = 0710;
				LastUpgradeCheck = 0710;
				ORGANIZATIONNAME = "Matthew Rocco";
				TargetAttributes = {
					3947504B1C024F640021415D = {
						CreatedOnToolsVersion = 7.1;
						DevelopmentTeam = Z92AGQ2RYY;
					};
				};
			};
			buildConfigurationList = 394750471C024F640021415D /* Build configuration list for PBXProject "onthemap" */;
			compatibilityVersion = "Xcode 3.2";
			developmentRegion = English;
			hasScannedForEncodings = 0;
			knownRegions = (
				en,
				Base,
			);
			mainGroup = 394750431C024F640021415D;
			productRefGroup = 3947504D1C024F640021415D /* Products */;
			projectDirPath = "";
			projectRoot = "";
			targets = (
				3947504B1C024F640021415D /* onthemap */,
			);
		};
/* End PBXProject section */

/* Begin PBXResourcesBuildPhase section */
		3947504A1C024F640021415D /* Resources */ = {
			isa = PBXResourcesBuildPhase;
			buildActionMask = 2147483647;
			files = (
				394750821C0250A10021415D /* Roboto-Medium.ttf in Resources */,
				3947505D1C024F640021415D /* LaunchScreen.storyboard in Resources */,
				394750831C0250A10021415D /* Roboto-Regular.ttf in Resources */,
				3947505A1C024F640021415D /* Assets.xcassets in Resources */,
				394750841C0250A10021415D /* Roboto-Thin.ttf in Resources */,
				394750551C024F640021415D /* Main.storyboard in Resources */,
			);
			runOnlyForDeploymentPostprocessing = 0;
		};
/* End PBXResourcesBuildPhase section */

/* Begin PBXSourcesBuildPhase section */
		394750481C024F640021415D /* Sources */ = {
			isa = PBXSourcesBuildPhase;
			buildActionMask = 2147483647;
			files = (
				394750921C02883B0021415D /* StudentInformation.swift in Sources */,
				3901AFE01C069C33007454EC /* StudentTableCell.swift in Sources */,
				3947509D1C03EF650021415D /* GenerateAlerts.swift in Sources */,
				394750521C024F640021415D /* LoginViewController.swift in Sources */,
				394750991C03EC9F0021415D /* APIConstants.swift in Sources */,
				3947508A1C027BD40021415D /* MapViewController.swift in Sources */,
				3901AFDA1C065BF8007454EC /* StudentPin.swift in Sources */,
				398A49751C090942002E6D9B /* AddLocationViewController.swift in Sources */,
				394750881C0279760021415D /* SafariObject.swift in Sources */,
				394750501C024F640021415D /* AppDelegate.swift in Sources */,
				39314AD91C063D060038A367 /* NetworkingOperations.swift in Sources */,
				3901AFDE1C069291007454EC /* PinTableViewController.swift in Sources */,
			);
			runOnlyForDeploymentPostprocessing = 0;
		};
/* End PBXSourcesBuildPhase section */

/* Begin PBXVariantGroup section */
		394750531C024F640021415D /* Main.storyboard */ = {
			isa = PBXVariantGroup;
			children = (
				394750541C024F640021415D /* Base */,
			);
			name = Main.storyboard;
			sourceTree = "<group>";
		};
		3947505B1C024F640021415D /* LaunchScreen.storyboard */ = {
			isa = PBXVariantGroup;
			children = (
				3947505C1C024F640021415D /* Base */,
			);
			name = LaunchScreen.storyboard;
			sourceTree = "<group>";
		};
/* End PBXVariantGroup section */

/* Begin XCBuildConfiguration section */
		3947505F1C024F640021415D /* Debug */ = {
			isa = XCBuildConfiguration;
			buildSettings = {
				ALWAYS_SEARCH_USER_PATHS = NO;
				CLANG_CXX_LANGUAGE_STANDARD = "gnu++0x";
				CLANG_CXX_LIBRARY = "libc++";
				CLANG_ENABLE_MODULES = YES;
				CLANG_ENABLE_OBJC_ARC = YES;
				CLANG_WARN_BOOL_CONVERSION = YES;
				CLANG_WARN_CONSTANT_CONVERSION = YES;
				CLANG_WARN_DIRECT_OBJC_ISA_USAGE = YES_ERROR;
				CLANG_WARN_EMPTY_BODY = YES;
				CLANG_WARN_ENUM_CONVERSION = YES;
				CLANG_WARN_INT_CONVERSION = YES;
				CLANG_WARN_OBJC_ROOT_CLASS = YES_ERROR;
				CLANG_WARN_UNREACHABLE_CODE = YES;
				CLANG_WARN__DUPLICATE_METHOD_MATCH = YES;
				"CODE_SIGN_IDENTITY[sdk=iphoneos*]" = "iPhone Developer";
				COPY_PHASE_STRIP = NO;
				DEBUG_INFORMATION_FORMAT = dwarf;
				ENABLE_STRICT_OBJC_MSGSEND = YES;
				ENABLE_TESTABILITY = YES;
				GCC_C_LANGUAGE_STANDARD = gnu99;
				GCC_DYNAMIC_NO_PIC = NO;
				GCC_NO_COMMON_BLOCKS = YES;
				GCC_OPTIMIZATION_LEVEL = 0;
				GCC_PREPROCESSOR_DEFINITIONS = (
					"DEBUG=1",
					"$(inherited)",
				);
				GCC_WARN_64_TO_32_BIT_CONVERSION = YES;
				GCC_WARN_ABOUT_RETURN_TYPE = YES_ERROR;
				GCC_WARN_UNDECLARED_SELECTOR = YES;
				GCC_WARN_UNINITIALIZED_AUTOS = YES_AGGRESSIVE;
				GCC_WARN_UNUSED_FUNCTION = YES;
				GCC_WARN_UNUSED_VARIABLE = YES;
				IPHONEOS_DEPLOYMENT_TARGET = 9.1;
				MTL_ENABLE_DEBUG_INFO = YES;
				ONLY_ACTIVE_ARCH = YES;
				SDKROOT = iphoneos;
				SWIFT_OPTIMIZATION_LEVEL = "-Onone";
			};
			name = Debug;
		};
		394750601C024F640021415D /* Release */ = {
			isa = XCBuildConfiguration;
			buildSettings = {
				ALWAYS_SEARCH_USER_PATHS = NO;
				CLANG_CXX_LANGUAGE_STANDARD = "gnu++0x";
				CLANG_CXX_LIBRARY = "libc++";
				CLANG_ENABLE_MODULES = YES;
				CLANG_ENABLE_OBJC_ARC = YES;
				CLANG_WARN_BOOL_CONVERSION = YES;
				CLANG_WARN_CONSTANT_CONVERSION = YES;
				CLANG_WARN_DIRECT_OBJC_ISA_USAGE = YES_ERROR;
				CLANG_WARN_EMPTY_BODY = YES;
				CLANG_WARN_ENUM_CONVERSION = YES;
				CLANG_WARN_INT_CONVERSION = YES;
				CLANG_WARN_OBJC_ROOT_CLASS = YES_ERROR;
				CLANG_WARN_UNREACHABLE_CODE = YES;
				CLANG_WARN__DUPLICATE_METHOD_MATCH = YES;
				"CODE_SIGN_IDENTITY[sdk=iphoneos*]" = "iPhone Developer";
				COPY_PHASE_STRIP = NO;
				DEBUG_INFORMATION_FORMAT = "dwarf-with-dsym";
				ENABLE_NS_ASSERTIONS = NO;
				ENABLE_STRICT_OBJC_MSGSEND = YES;
				GCC_C_LANGUAGE_STANDARD = gnu99;
				GCC_NO_COMMON_BLOCKS = YES;
				GCC_WARN_64_TO_32_BIT_CONVERSION = YES;
				GCC_WARN_ABOUT_RETURN_TYPE = YES_ERROR;
				GCC_WARN_UNDECLARED_SELECTOR = YES;
				GCC_WARN_UNINITIALIZED_AUTOS = YES_AGGRESSIVE;
				GCC_WARN_UNUSED_FUNCTION = YES;
				GCC_WARN_UNUSED_VARIABLE = YES;
				IPHONEOS_DEPLOYMENT_TARGET = 9.1;
				MTL_ENABLE_DEBUG_INFO = NO;
				SDKROOT = iphoneos;
				VALIDATE_PRODUCT = YES;
			};
			name = Release;
		};
		394750621C024F640021415D /* Debug */ = {
			isa = XCBuildConfiguration;
			buildSettings = {
				ASSETCATALOG_COMPILER_APPICON_NAME = AppIcon;
				INFOPLIST_FILE = onthemap/Info.plist;
				LD_RUNPATH_SEARCH_PATHS = "$(inherited) @executable_path/Frameworks";
				PRODUCT_BUNDLE_IDENTIFIER = com.roclobster.onthemap;
				PRODUCT_NAME = "$(TARGET_NAME)";
			};
			name = Debug;
		};
		394750631C024F640021415D /* Release */ = {
			isa = XCBuildConfiguration;
			buildSettings = {
				ASSETCATALOG_COMPILER_APPICON_NAME = AppIcon;
				INFOPLIST_FILE = onthemap/Info.plist;
				LD_RUNPATH_SEARCH_PATHS = "$(inherited) @executable_path/Frameworks";
				PRODUCT_BUNDLE_IDENTIFIER = com.roclobster.onthemap;
				PRODUCT_NAME = "$(TARGET_NAME)";
			};
			name = Release;
		};
/* End XCBuildConfiguration section */

/* Begin XCConfigurationList section */
		394750471C024F640021415D /* Build configuration list for PBXProject "onthemap" */ = {
			isa = XCConfigurationList;
			buildConfigurations = (
				3947505F1C024F640021415D /* Debug */,
				394750601C024F640021415D /* Release */,
			);
			defaultConfigurationIsVisible = 0;
			defaultConfigurationName = Release;
		};
		394750611C024F640021415D /* Build configuration list for PBXNativeTarget "onthemap" */ = {
			isa = XCConfigurationList;
			buildConfigurations = (
				394750621C024F640021415D /* Debug */,
				394750631C024F640021415D /* Release */,
			);
			defaultConfigurationIsVisible = 0;
			defaultConfigurationName = Release;
		};
/* End XCConfigurationList section */
	};
	rootObject = 394750441C024F640021415D /* Project object */;
}
